{
  "name": "capstone1",
  "version": "1.0.0",
  "lockfileVersion": 2,
  "requires": true,
  "packages": {
    "": {
      "name": "capstone1",
      "version": "1.0.0",
      "license": "ISC",
      "dependencies": {
        "datatables.net": "^1.11.5",
        "datatables.net-dt": "^1.11.5"
      }
    },
    "node_modules/datatables.net": {
      "version": "1.11.5",
      "resolved": "https://registry.npmjs.org/datatables.net/-/datatables.net-1.11.5.tgz",
      "integrity": "sha512-nlFst2xfwSWaQgaOg5sXVG3cxYC0tH8E8d65289w9ROgF2TmLULOOpcdMpyxxUim/qEwVSEem42RjkTWEpr3eA==",
      "dependencies": {
        "jquery": ">=1.7"
      }
    },
    "node_modules/datatables.net-dt": {
      "version": "1.11.5",
      "resolved": "https://registry.npmjs.org/datatables.net-dt/-/datatables.net-dt-1.11.5.tgz",
      "integrity": "sha512-QZ6AZv6bFyGPuJLILQ50T9IHT0foKw5XOl+pA1W8BFHTQ/CkUuU54GtgvAnq+ag0wdis4+Qq/YuN2yTogoLXdA==",
      "dependencies": {
        "datatables.net": ">=1.11.3",
        "jquery": ">=1.7"
      }
    },
    "node_modules/jquery": {
      "version": "3.6.0",
      "resolved": "https://registry.npmjs.org/jquery/-/jquery-3.6.0.tgz",
      "integrity": "sha512-JVzAR/AjBvVt2BmYhxRCSYysDsPcssdmTFnzyLEts9qNwmjmu4JTAMYubEfwVOSwpQ1I1sKKFcxhZCI2buerfw=="
    }
  },
  "dependencies": {
    "datatables.net": {
      "version": "1.11.5",
      "resolved": "https://registry.npmjs.org/datatables.net/-/datatables.net-1.11.5.tgz",
      "integrity": "sha512-nlFst2xfwSWaQgaOg5sXVG3cxYC0tH8E8d65289w9ROgF2TmLULOOpcdMpyxxUim/qEwVSEem42RjkTWEpr3eA==",
      "requires": {
        "jquery": ">=1.7"
      }
    },
    "datatables.net-dt": {
      "version": "1.11.5",
      "resolved": "https://registry.npmjs.org/datatables.net-dt/-/datatables.net-dt-1.11.5.tgz",
      "integrity": "sha512-QZ6AZv6bFyGPuJLILQ50T9IHT0foKw5XOl+pA1W8BFHTQ/CkUuU54GtgvAnq+ag0wdis4+Qq/YuN2yTogoLXdA==",
      "requires": {
        "datatables.net": ">=1.11.3",
        "jquery": ">=1.7"
      }
    },
    "jquery": {
      "version": "3.6.0",
      "resolved": "https://registry.npmjs.org/jquery/-/jquery-3.6.0.tgz",
      "integrity": "sha512-JVzAR/AjBvVt2BmYhxRCSYysDsPcssdmTFnzyLEts9qNwmjmu4JTAMYubEfwVOSwpQ1I1sKKFcxhZCI2buerfw=="
    }
  }
}
